
Microsoft Visual Studio Solution File, Format Version 12.00
# Visual Studio 15
VisualStudioVersion = 15.0.28010.2036
MinimumVisualStudioVersion = 10.0.40219.1
Project("{FAE04EC0-301F-11D3-BF4B-00C04F79EFBC}") = "CardCatalog", "CardCatalog\CardCatalog.csproj", "{04ABE740-4975-450C-B6CF-8A362CBCAA97}"
EndProject
Global
	GlobalSection(SolutionConfigurationPlatforms) = preSolution
		Debug|Any CPU = Debug|Any CPU
		Release|Any CPU = Release|Any CPU
	EndGlobalSection
	GlobalSection(ProjectConfigurationPlatforms) = postSolution
		{04ABE740-4975-450C-B6CF-8A362CBCAA97}.Debug|Any CPU.ActiveCfg = Debug|Any CPU
		{04ABE740-4975-450C-B6CF-8A362CBCAA97}.Debug|Any CPU.Build.0 = Debug|Any CPU
		{04ABE740-4975-450C-B6CF-8A362CBCAA97}.Release|Any CPU.ActiveCfg = Release|Any CPU
		{04ABE740-4975-450C-B6CF-8A362CBCAA97}.Release|Any CPU.Build.0 = Release|Any CPU
	EndGlobalSection
	GlobalSection(SolutionProperties) = preSolution
		HideSolutionNode = FALSE
	EndGlobalSection
	GlobalSection(ExtensibilityGlobals) = postSolution
		SolutionGuid = {CDC3A1D2-B11D-4DF5-9938-8BA64D54E18A}
	EndGlobalSection
EndGlobal
